// !$*UTF8*$!
{
	archiveVersion = 1;
	classes = {
	};
	objectVersion = 53;
	objects = {

/* Begin PBXBuildFile section */
		641FDCB12A8B980C0078B392 /* AppDelegate.swift in Sources */ = {isa = PBXBuildFile; fileRef = 641FDCB02A8B980C0078B392 /* AppDelegate.swift */; };
		641FDCB32A8B980C0078B392 /* SceneDelegate.swift in Sources */ = {isa = PBXBuildFile; fileRef = 641FDCB22A8B980C0078B392 /* SceneDelegate.swift */; };
		641FDCB52A8B980C0078B392 /* ViewController.swift in Sources */ = {isa = PBXBuildFile; fileRef = 641FDCB42A8B980C0078B392 /* ViewController.swift */; };
		641FDCB82A8B980C0078B392 /* Main.storyboard in Resources */ = {isa = PBXBuildFile; fileRef = 641FDCB62A8B980C0078B392 /* Main.storyboard */; };
		641FDCBA2A8B980D0078B392 /* Assets.xcassets in Resources */ = {isa = PBXBuildFile; fileRef = 641FDCB92A8B980D0078B392 /* Assets.xcassets */; };
		641FDCBD2A8B980D0078B392 /* LaunchScreen.storyboard in Resources */ = {isa = PBXBuildFile; fileRef = 641FDCBB2A8B980D0078B392 /* LaunchScreen.storyboard */; };
		641FDCC82A8B980D0078B392 /* vysingsun1Tests.swift in Sources */ = {isa = PBXBuildFile; fileRef = 641FDCC72A8B980D0078B392 /* vysingsun1Tests.swift */; };
		641FDCD32A8B980D0078B392 /* vysingsun1UITests.swift in Sources */ = {isa = PBXBuildFile; fileRef = 641FDCD22A8B980D0078B392 /* vysingsun1UITests.swift */; };
		64534F2B2A94E2F2008FC467 /* TableViewViewController.swift in Sources */ = {isa = PBXBuildFile; fileRef = 64534F2A2A94E2F2008FC467 /* TableViewViewController.swift */; };
		646B21232A9625E60023B26E /* ContactTableViewCell.swift in Sources */ = {isa = PBXBuildFile; fileRef = 646B21222A9625E60023B26E /* ContactTableViewCell.swift */; };
		646B21262A962E4A0023B26E /* Contact.swift in Sources */ = {isa = PBXBuildFile; fileRef = 646B21252A962E4A0023B26E /* Contact.swift */; };
		64CB97272A8F8C72008B104C /* WelcomeViewController.swift in Sources */ = {isa = PBXBuildFile; fileRef = 64CB97262A8F8C72008B104C /* WelcomeViewController.swift */; };
		64D40C942A97763A00195F9A /* FormViewController.swift in Sources */ = {isa = PBXBuildFile; fileRef = 64D40C932A97763A00195F9A /* FormViewController.swift */; };
		64D40C962A97767D00195F9A /* FormView.swift in Sources */ = {isa = PBXBuildFile; fileRef = 64D40C952A97767D00195F9A /* FormView.swift */; };
		64E120F32A8E428200A7FEFB /* RootViewController.swift in Sources */ = {isa = PBXBuildFile; fileRef = 64E120F22A8E428200A7FEFB /* RootViewController.swift */; };
/* End PBXBuildFile section */

/* Begin PBXContainerItemProxy section */
		641FDCC42A8B980D0078B392 /* PBXContainerItemProxy */ = {
			isa = PBXContainerItemProxy;
			containerPortal = 641FDCA52A8B980C0078B392 /* Project object */;
			proxyType = 1;
			remoteGlobalIDString = 641FDCAC2A8B980C0078B392;
			remoteInfo = vysingsun1;
		};
		641FDCCF2A8B980D0078B392 /* PBXContainerItemProxy */ = {
			isa = PBXContainerItemProxy;
			containerPortal = 641FDCA52A8B980C0078B392 /* Project object */;
			proxyType = 1;
			remoteGlobalIDString = 641FDCAC2A8B980C0078B392;
			remoteInfo = vysingsun1;
		};
/* End PBXContainerItemProxy section */

/* Begin PBXFileReference section */
		641FDCAD2A8B980C0078B392 /* vysingsun1.app */ = {isa = PBXFileReference; explicitFileType = wrapper.application; includeInIndex = 0; path = vysingsun1.app; sourceTree = BUILT_PRODUCTS_DIR; };
		641FDCB02A8B980C0078B392 /* AppDelegate.swift */ = {isa = PBXFileReference; lastKnownFileType = sourcecode.swift; path = AppDelegate.swift; sourceTree = "<group>"; };
		641FDCB22A8B980C0078B392 /* SceneDelegate.swift */ = {isa = PBXFileReference; lastKnownFileType = sourcecode.swift; path = SceneDelegate.swift; sourceTree = "<group>"; };
		641FDCB42A8B980C0078B392 /* ViewController.swift */ = {isa = PBXFileReference; lastKnownFileType = sourcecode.swift; path = ViewController.swift; sourceTree = "<group>"; };
		641FDCB72A8B980C0078B392 /* Base */ = {isa = PBXFileReference; lastKnownFileType = file.storyboard; name = Base; path = Base.lproj/Main.storyboard; sourceTree = "<group>"; };
		641FDCB92A8B980D0078B392 /* Assets.xcassets */ = {isa = PBXFileReference; lastKnownFileType = folder.assetcatalog; path = Assets.xcassets; sourceTree = "<group>"; };
		641FDCBC2A8B980D0078B392 /* Base */ = {isa = PBXFileReference; lastKnownFileType = file.storyboard; name = Base; path = Base.lproj/LaunchScreen.storyboard; sourceTree = "<group>"; };
		641FDCBE2A8B980D0078B392 /* Info.plist */ = {isa = PBXFileReference; lastKnownFileType = text.plist.xml; path = Info.plist; sourceTree = "<group>"; };
		641FDCC32A8B980D0078B392 /* vysingsun1Tests.xctest */ = {isa = PBXFileReference; explicitFileType = wrapper.cfbundle; includeInIndex = 0; path = vysingsun1Tests.xctest; sourceTree = BUILT_PRODUCTS_DIR; };
		641FDCC72A8B980D0078B392 /* vysingsun1Tests.swift */ = {isa = PBXFileReference; lastKnownFileType = sourcecode.swift; path = vysingsun1Tests.swift; sourceTree = "<group>"; };
		641FDCC92A8B980D0078B392 /* Info.plist */ = {isa = PBXFileReference; lastKnownFileType = text.plist.xml; path = Info.plist; sourceTree = "<group>"; };
		641FDCCE2A8B980D0078B392 /* vysingsun1UITests.xctest */ = {isa = PBXFileReference; explicitFileType = wrapper.cfbundle; includeInIndex = 0; path = vysingsun1UITests.xctest; sourceTree = BUILT_PRODUCTS_DIR; };
		641FDCD22A8B980D0078B392 /* vysingsun1UITests.swift */ = {isa = PBXFileReference; lastKnownFileType = sourcecode.swift; path = vysingsun1UITests.swift; sourceTree = "<group>"; };
		641FDCD42A8B980D0078B392 /* Info.plist */ = {isa = PBXFileReference; lastKnownFileType = text.plist.xml; path = Info.plist; sourceTree = "<group>"; };
		64534F2A2A94E2F2008FC467 /* TableViewViewController.swift */ = {isa = PBXFileReference; lastKnownFileType = sourcecode.swift; path = TableViewViewController.swift; sourceTree = "<group>"; };
		646B21222A9625E60023B26E /* ContactTableViewCell.swift */ = {isa = PBXFileReference; lastKnownFileType = sourcecode.swift; path = ContactTableViewCell.swift; sourceTree = "<group>"; };
		646B21252A962E4A0023B26E /* Contact.swift */ = {isa = PBXFileReference; lastKnownFileType = sourcecode.swift; path = Contact.swift; sourceTree = "<group>"; };
		64CB97262A8F8C72008B104C /* WelcomeViewController.swift */ = {isa = PBXFileReference; lastKnownFileType = sourcecode.swift; path = WelcomeViewController.swift; sourceTree = "<group>"; };
		64D40C932A97763A00195F9A /* FormViewController.swift */ = {isa = PBXFileReference; lastKnownFileType = sourcecode.swift; path = FormViewController.swift; sourceTree = "<group>"; };
		64D40C952A97767D00195F9A /* FormView.swift */ = {isa = PBXFileReference; lastKnownFileType = sourcecode.swift; path = FormView.swift; sourceTree = "<group>"; };
		64E120F22A8E428200A7FEFB /* RootViewController.swift */ = {isa = PBXFileReference; lastKnownFileType = sourcecode.swift; path = RootViewController.swift; sourceTree = "<group>"; };
/* End PBXFileReference section */

/* Begin PBXFrameworksBuildPhase section */
		641FDCAA2A8B980C0078B392 /* Frameworks */ = {
			isa = PBXFrameworksBuildPhase;
			buildActionMask = 2147483647;
			files = (
			);
			runOnlyForDeploymentPostprocessing = 0;
		};
		641FDCC02A8B980D0078B392 /* Frameworks */ = {
			isa = PBXFrameworksBuildPhase;
			buildActionMask = 2147483647;
			files = (
			);
			runOnlyForDeploymentPostprocessing = 0;
		};
		641FDCCB2A8B980D0078B392 /* Frameworks */ = {
			isa = PBXFrameworksBuildPhase;
			buildActionMask = 2147483647;
			files = (
			);
			runOnlyForDeploymentPostprocessing = 0;
		};
/* End PBXFrameworksBuildPhase section */

/* Begin PBXGroup section */
		641FDCA42A8B980C0078B392 = {
			isa = PBXGroup;
			children = (
				641FDCAF2A8B980C0078B392 /* vysingsun1 */,
				641FDCC62A8B980D0078B392 /* vysingsun1Tests */,
				641FDCD12A8B980D0078B392 /* vysingsun1UITests */,
				641FDCAE2A8B980C0078B392 /* Products */,
			);
			sourceTree = "<group>";
		};
		641FDCAE2A8B980C0078B392 /* Products */ = {
			isa = PBXGroup;
			children = (
				641FDCAD2A8B980C0078B392 /* vysingsun1.app */,
				641FDCC32A8B980D0078B392 /* vysingsun1Tests.xctest */,
				641FDCCE2A8B980D0078B392 /* vysingsun1UITests.xctest */,
			);
			name = Products;
			sourceTree = "<group>";
		};
		641FDCAF2A8B980C0078B392 /* vysingsun1 */ = {
			isa = PBXGroup;
			children = (
				646B21242A962DF20023B26E /* Models */,
				646B211E2A9624530023B26E /* Views */,
				646B211F2A9624670023B26E /* Controllers */,
				641FDCB02A8B980C0078B392 /* AppDelegate.swift */,
				641FDCB22A8B980C0078B392 /* SceneDelegate.swift */,
				641FDCB62A8B980C0078B392 /* Main.storyboard */,
				641FDCB92A8B980D0078B392 /* Assets.xcassets */,
				641FDCBB2A8B980D0078B392 /* LaunchScreen.storyboard */,
				641FDCBE2A8B980D0078B392 /* Info.plist */,
			);
			path = vysingsun1;
			sourceTree = "<group>";
		};
		641FDCC62A8B980D0078B392 /* vysingsun1Tests */ = {
			isa = PBXGroup;
			children = (
				641FDCC72A8B980D0078B392 /* vysingsun1Tests.swift */,
				641FDCC92A8B980D0078B392 /* Info.plist */,
			);
			path = vysingsun1Tests;
			sourceTree = "<group>";
		};
		641FDCD12A8B980D0078B392 /* vysingsun1UITests */ = {
			isa = PBXGroup;
			children = (
				641FDCD22A8B980D0078B392 /* vysingsun1UITests.swift */,
				641FDCD42A8B980D0078B392 /* Info.plist */,
			);
			path = vysingsun1UITests;
			sourceTree = "<group>";
		};
		646B211E2A9624530023B26E /* Views */ = {
			isa = PBXGroup;
			children = (
				646B21222A9625E60023B26E /* ContactTableViewCell.swift */,
				64D40C952A97767D00195F9A /* FormView.swift */,
			);
			path = Views;
			sourceTree = "<group>";
		};
		646B211F2A9624670023B26E /* Controllers */ = {
			isa = PBXGroup;
			children = (
				64D40C932A97763A00195F9A /* FormViewController.swift */,
				641FDCB42A8B980C0078B392 /* ViewController.swift */,
				64E120F22A8E428200A7FEFB /* RootViewController.swift */,
				64CB97262A8F8C72008B104C /* WelcomeViewController.swift */,
				64534F2A2A94E2F2008FC467 /* TableViewViewController.swift */,
			);
			path = Controllers;
			sourceTree = "<group>";
		};
		646B21242A962DF20023B26E /* Models */ = {
			isa = PBXGroup;
			children = (
				646B21252A962E4A0023B26E /* Contact.swift */,
			);
			path = Models;
			sourceTree = "<group>";
		};
/* End PBXGroup section */

/* Begin PBXNativeTarget section */
		641FDCAC2A8B980C0078B392 /* vysingsun1 */ = {
			isa = PBXNativeTarget;
			buildConfigurationList = 641FDCD72A8B980D0078B392 /* Build configuration list for PBXNativeTarget "vysingsun1" */;
			buildPhases = (
				641FDCA92A8B980C0078B392 /* Sources */,
				641FDCAA2A8B980C0078B392 /* Frameworks */,
				641FDCAB2A8B980C0078B392 /* Resources */,
			);
			buildRules = (
			);
			dependencies = (
			);
			name = vysingsun1;
			productName = vysingsun1;
			productReference = 641FDCAD2A8B980C0078B392 /* vysingsun1.app */;
			productType = "com.apple.product-type.application";
		};
		641FDCC22A8B980D0078B392 /* vysingsun1Tests */ = {
			isa = PBXNativeTarget;
			buildConfigurationList = 641FDCDA2A8B980D0078B392 /* Build configuration list for PBXNativeTarget "vysingsun1Tests" */;
			buildPhases = (
				641FDCBF2A8B980D0078B392 /* Sources */,
				641FDCC02A8B980D0078B392 /* Frameworks */,
				641FDCC12A8B980D0078B392 /* Resources */,
			);
			buildRules = (
			);
			dependencies = (
				641FDCC52A8B980D0078B392 /* PBXTargetDependency */,
			);
			name = vysingsun1Tests;
			productName = vysingsun1Tests;
			productReference = 641FDCC32A8B980D0078B392 /* vysingsun1Tests.xctest */;
			productType = "com.apple.product-type.bundle.unit-test";
		};
		641FDCCD2A8B980D0078B392 /* vysingsun1UITests */ = {
			isa = PBXNativeTarget;
			buildConfigurationList = 641FDCDD2A8B980D0078B392 /* Build configuration list for PBXNativeTarget "vysingsun1UITests" */;
			buildPhases = (
				641FDCCA2A8B980D0078B392 /* Sources */,
				641FDCCB2A8B980D0078B392 /* Frameworks */,
				641FDCCC2A8B980D0078B392 /* Resources */,
			);
			buildRules = (
			);
			dependencies = (
				641FDCD02A8B980D0078B392 /* PBXTargetDependency */,
			);
			name = vysingsun1UITests;
			productName = vysingsun1UITests;
			productReference = 641FDCCE2A8B980D0078B392 /* vysingsun1UITests.xctest */;
			productType = "com.apple.product-type.bundle.ui-testing";
		};
/* End PBXNativeTarget section */

/* Begin PBXProject section */
		641FDCA52A8B980C0078B392 /* Project object */ = {
			isa = PBXProject;
			attributes = {
				BuildIndependentTargetsInParallel = YES;
				LastSwiftUpdateCheck = 1110;
				LastUpgradeCheck = 1430;
				ORGANIZATIONNAME = "Phalkun Panha";
				TargetAttributes = {
					641FDCAC2A8B980C0078B392 = {
						CreatedOnToolsVersion = 11.1;
					};
					641FDCC22A8B980D0078B392 = {
						CreatedOnToolsVersion = 11.1;
						TestTargetID = 641FDCAC2A8B980C0078B392;
					};
					641FDCCD2A8B980D0078B392 = {
						CreatedOnToolsVersion = 11.1;
						TestTargetID = 641FDCAC2A8B980C0078B392;
					};
				};
			};
			buildConfigurationList = 641FDCA82A8B980C0078B392 /* Build configuration list for PBXProject "vysingsun1" */;
			compatibilityVersion = "Xcode 9.3";
			developmentRegion = en;
			hasScannedForEncodings = 0;
			knownRegions = (
				en,
				Base,
			);
			mainGroup = 641FDCA42A8B980C0078B392;
			productRefGroup = 641FDCAE2A8B980C0078B392 /* Products */;
			projectDirPath = "";
			projectRoot = "";
			targets = (
				641FDCAC2A8B980C0078B392 /* vysingsun1 */,
				641FDCC22A8B980D0078B392 /* vysingsun1Tests */,
				641FDCCD2A8B980D0078B392 /* vysingsun1UITests */,
			);
		};
/* End PBXProject section */

/* Begin PBXResourcesBuildPhase section */
		641FDCAB2A8B980C0078B392 /* Resources */ = {
			isa = PBXResourcesBuildPhase;
			buildActionMask = 2147483647;
			files = (
				641FDCBD2A8B980D0078B392 /* LaunchScreen.storyboard in Resources */,
				641FDCBA2A8B980D0078B392 /* Assets.xcassets in Resources */,
				641FDCB82A8B980C0078B392 /* Main.storyboard in Resources */,
			);
			runOnlyForDeploymentPostprocessing = 0;
		};
		641FDCC12A8B980D0078B392 /* Resources */ = {
			isa = PBXResourcesBuildPhase;
			buildActionMask = 2147483647;
			files = (
			);
			runOnlyForDeploymentPostprocessing = 0;
		};
		641FDCCC2A8B980D0078B392 /* Resources */ = {
			isa = PBXResourcesBuildPhase;
			buildActionMask = 2147483647;
			files = (
			);
			runOnlyForDeploymentPostprocessing = 0;
		};
/* End PBXResourcesBuildPhase section */

/* Begin PBXSourcesBuildPhase section */
		641FDCA92A8B980C0078B392 /* Sources */ = {
			isa = PBXSourcesBuildPhase;
			buildActionMask = 2147483647;
			files = (
				64D40C942A97763A00195F9A /* FormViewController.swift in Sources */,
				641FDCB52A8B980C0078B392 /* ViewController.swift in Sources */,
				64D40C962A97767D00195F9A /* FormView.swift in Sources */,
				64CB97272A8F8C72008B104C /* WelcomeViewController.swift in Sources */,
				641FDCB12A8B980C0078B392 /* AppDelegate.swift in Sources */,
				64E120F32A8E428200A7FEFB /* RootViewController.swift in Sources */,
				646B21262A962E4A0023B26E /* Contact.swift in Sources */,
				646B21232A9625E60023B26E /* ContactTableViewCell.swift in Sources */,
				64534F2B2A94E2F2008FC467 /* TableViewViewController.swift in Sources */,
				641FDCB32A8B980C0078B392 /* SceneDelegate.swift in Sources */,
			);
			runOnlyForDeploymentPostprocessing = 0;
		};
		641FDCBF2A8B980D0078B392 /* Sources */ = {
			isa = PBXSourcesBuildPhase;
			buildActionMask = 2147483647;
			files = (
				641FDCC82A8B980D0078B392 /* vysingsun1Tests.swift in Sources */,
			);
			runOnlyForDeploymentPostprocessing = 0;
		};
		641FDCCA2A8B980D0078B392 /* Sources */ = {
			isa = PBXSourcesBuildPhase;
			buildActionMask = 2147483647;
			files = (
				641FDCD32A8B980D0078B392 /* vysingsun1UITests.swift in Sources */,
			);
			runOnlyForDeploymentPostprocessing = 0;
		};
/* End PBXSourcesBuildPhase section */

/* Begin PBXTargetDependency section */
		641FDCC52A8B980D0078B392 /* PBXTargetDependency */ = {
			isa = PBXTargetDependency;
			target = 641FDCAC2A8B980C0078B392 /* vysingsun1 */;
			targetProxy = 641FDCC42A8B980D0078B392 /* PBXContainerItemProxy */;
		};
		641FDCD02A8B980D0078B392 /* PBXTargetDependency */ = {
			isa = PBXTargetDependency;
			target = 641FDCAC2A8B980C0078B392 /* vysingsun1 */;
			targetProxy = 641FDCCF2A8B980D0078B392 /* PBXContainerItemProxy */;
		};
/* End PBXTargetDependency section */

/* Begin PBXVariantGroup section */
		641FDCB62A8B980C0078B392 /* Main.storyboard */ = {
			isa = PBXVariantGroup;
			children = (
				641FDCB72A8B980C0078B392 /* Base */,
			);
			name = Main.storyboard;
			sourceTree = "<group>";
		};
		641FDCBB2A8B980D0078B392 /* LaunchScreen.storyboard */ = {
			isa = PBXVariantGroup;
			children = (
				641FDCBC2A8B980D0078B392 /* Base */,
			);
			name = LaunchScreen.storyboard;
			sourceTree = "<group>";
		};
/* End PBXVariantGroup section */

/* Begin XCBuildConfiguration section */
		641FDCD52A8B980D0078B392 /* Debug */ = {
			isa = XCBuildConfiguration;
			buildSettings = {
				ALWAYS_SEARCH_USER_PATHS = NO;
				CLANG_ANALYZER_NONNULL = YES;
				CLANG_ANALYZER_NUMBER_OBJECT_CONVERSION = YES_AGGRESSIVE;
				CLANG_CXX_LANGUAGE_STANDARD = "gnu++14";
				CLANG_CXX_LIBRARY = "libc++";
				CLANG_ENABLE_MODULES = YES;
				CLANG_ENABLE_OBJC_ARC = YES;
				CLANG_ENABLE_OBJC_WEAK = YES;
				CLANG_WARN_BLOCK_CAPTURE_AUTORELEASING = YES;
				CLANG_WARN_BOOL_CONVERSION = YES;
				CLANG_WARN_COMMA = YES;
				CLANG_WARN_CONSTANT_CONVERSION = YES;
				CLANG_WARN_DEPRECATED_OBJC_IMPLEMENTATIONS = YES;
				CLANG_WARN_DIRECT_OBJC_ISA_USAGE = YES_ERROR;
				CLANG_WARN_DOCUMENTATION_COMMENTS = YES;
				CLANG_WARN_EMPTY_BODY = YES;
				CLANG_WARN_ENUM_CONVERSION = YES;
				CLANG_WARN_INFINITE_RECURSION = YES;
				CLANG_WARN_INT_CONVERSION = YES;
				CLANG_WARN_NON_LITERAL_NULL_CONVERSION = YES;
				CLANG_WARN_OBJC_IMPLICIT_RETAIN_SELF = YES;
				CLANG_WARN_OBJC_LITERAL_CONVERSION = YES;
				CLANG_WARN_OBJC_ROOT_CLASS = YES_ERROR;
				CLANG_WARN_QUOTED_INCLUDE_IN_FRAMEWORK_HEADER = YES;
				CLANG_WARN_RANGE_LOOP_ANALYSIS = YES;
				CLANG_WARN_STRICT_PROTOTYPES = YES;
				CLANG_WARN_SUSPICIOUS_MOVE = YES;
				CLANG_WARN_UNGUARDED_AVAILABILITY = YES_AGGRESSIVE;
				CLANG_WARN_UNREACHABLE_CODE = YES;
				CLANG_WARN__DUPLICATE_METHOD_MATCH = YES;
				COPY_PHASE_STRIP = NO;
				DEBUG_INFORMATION_FORMAT = dwarf;
				ENABLE_STRICT_OBJC_MSGSEND = YES;
				ENABLE_TESTABILITY = YES;
				GCC_C_LANGUAGE_STANDARD = gnu11;
				GCC_DYNAMIC_NO_PIC = NO;
				GCC_NO_COMMON_BLOCKS = YES;
				GCC_OPTIMIZATION_LEVEL = 0;
				GCC_PREPROCESSOR_DEFINITIONS = (
					"DEBUG=1",
					"$(inherited)",
				);
				GCC_WARN_64_TO_32_BIT_CONVERSION = YES;
				GCC_WARN_ABOUT_RETURN_TYPE = YES_ERROR;
				GCC_WARN_UNDECLARED_SELECTOR = YES;
				GCC_WARN_UNINITIALIZED_AUTOS = YES_AGGRESSIVE;
				GCC_WARN_UNUSED_FUNCTION = YES;
				GCC_WARN_UNUSED_VARIABLE = YES;
				IPHONEOS_DEPLOYMENT_TARGET = 13.1;
				MTL_ENABLE_DEBUG_INFO = INCLUDE_SOURCE;
				MTL_FAST_MATH = YES;
				ONLY_ACTIVE_ARCH = YES;
				SDKROOT = iphoneos;
				SWIFT_ACTIVE_COMPILATION_CONDITIONS = DEBUG;
				SWIFT_OPTIMIZATION_LEVEL = "-Onone";
			};
			name = Debug;
		};
		641FDCD62A8B980D0078B392 /* Release */ = {
			isa = XCBuildConfiguration;
			buildSettings = {
				ALWAYS_SEARCH_USER_PATHS = NO;
				CLANG_ANALYZER_NONNULL = YES;
				CLANG_ANALYZER_NUMBER_OBJECT_CONVERSION = YES_AGGRESSIVE;
				CLANG_CXX_LANGUAGE_STANDARD = "gnu++14";
				CLANG_CXX_LIBRARY = "libc++";
				CLANG_ENABLE_MODULES = YES;
				CLANG_ENABLE_OBJC_ARC = YES;
				CLANG_ENABLE_OBJC_WEAK = YES;
				CLANG_WARN_BLOCK_CAPTURE_AUTORELEASING = YES;
				CLANG_WARN_BOOL_CONVERSION = YES;
				CLANG_WARN_COMMA = YES;
				CLANG_WARN_CONSTANT_CONVERSION = YES;
				CLANG_WARN_DEPRECATED_OBJC_IMPLEMENTATIONS = YES;
				CLANG_WARN_DIRECT_OBJC_ISA_USAGE = YES_ERROR;
				CLANG_WARN_DOCUMENTATION_COMMENTS = YES;
				CLANG_WARN_EMPTY_BODY = YES;
				CLANG_WARN_ENUM_CONVERSION = YES;
				CLANG_WARN_INFINITE_RECURSION = YES;
				CLANG_WARN_INT_CONVERSION = YES;
				CLANG_WARN_NON_LITERAL_NULL_CONVERSION = YES;
				CLANG_WARN_OBJC_IMPLICIT_RETAIN_SELF = YES;
				CLANG_WARN_OBJC_LITERAL_CONVERSION = YES;
				CLANG_WARN_OBJC_ROOT_CLASS = YES_ERROR;
				CLANG_WARN_QUOTED_INCLUDE_IN_FRAMEWORK_HEADER = YES;
				CLANG_WARN_RANGE_LOOP_ANALYSIS = YES;
				CLANG_WARN_STRICT_PROTOTYPES = YES;
				CLANG_WARN_SUSPICIOUS_MOVE = YES;
				CLANG_WARN_UNGUARDED_AVAILABILITY = YES_AGGRESSIVE;
				CLANG_WARN_UNREACHABLE_CODE = YES;
				CLANG_WARN__DUPLICATE_METHOD_MATCH = YES;
				COPY_PHASE_STRIP = NO;
				DEBUG_INFORMATION_FORMAT = "dwarf-with-dsym";
				ENABLE_NS_ASSERTIONS = NO;
				ENABLE_STRICT_OBJC_MSGSEND = YES;
				GCC_C_LANGUAGE_STANDARD = gnu11;
				GCC_NO_COMMON_BLOCKS = YES;
				GCC_WARN_64_TO_32_BIT_CONVERSION = YES;
				GCC_WARN_ABOUT_RETURN_TYPE = YES_ERROR;
				GCC_WARN_UNDECLARED_SELECTOR = YES;
				GCC_WARN_UNINITIALIZED_AUTOS = YES_AGGRESSIVE;
				GCC_WARN_UNUSED_FUNCTION = YES;
				GCC_WARN_UNUSED_VARIABLE = YES;
				IPHONEOS_DEPLOYMENT_TARGET = 13.1;
				MTL_ENABLE_DEBUG_INFO = NO;
				MTL_FAST_MATH = YES;
				SDKROOT = iphoneos;
				SWIFT_COMPILATION_MODE = wholemodule;
				SWIFT_OPTIMIZATION_LEVEL = "-O";
				VALIDATE_PRODUCT = YES;
			};
			name = Release;
		};
		641FDCD82A8B980D0078B392 /* Debug */ = {
			isa = XCBuildConfiguration;
			buildSettings = {
				ASSETCATALOG_COMPILER_APPICON_NAME = AppIcon;
				CODE_SIGN_STYLE = Automatic;
				DEVELOPMENT_TEAM = A8NR896Z89;
				INFOPLIST_FILE = vysingsun1/Info.plist;
				LD_RUNPATH_SEARCH_PATHS = (
					"$(inherited)",
					"@executable_path/Frameworks",
				);
				PRODUCT_BUNDLE_IDENTIFIER = invitor.com.vysingsun1;
				PRODUCT_NAME = "$(TARGET_NAME)";
				SWIFT_VERSION = 5.0;
				TARGETED_DEVICE_FAMILY = "1,2";
			};
			name = Debug;
		};
		641FDCD92A8B980D0078B392 /* Release */ = {
			isa = XCBuildConfiguration;
			buildSettings = {
				ASSETCATALOG_COMPILER_APPICON_NAME = AppIcon;
				CODE_SIGN_STYLE = Automatic;
				DEVELOPMENT_TEAM = A8NR896Z89;
				INFOPLIST_FILE = vysingsun1/Info.plist;
				LD_RUNPATH_SEARCH_PATHS = (
					"$(inherited)",
					"@executable_path/Frameworks",
				);
				PRODUCT_BUNDLE_IDENTIFIER = invitor.com.vysingsun1;
				PRODUCT_NAME = "$(TARGET_NAME)";
				SWIFT_VERSION = 5.0;
				TARGETED_DEVICE_FAMILY = "1,2";
			};
			name = Release;
		};
		641FDCDB2A8B980D0078B392 /* Debug */ = {
			isa = XCBuildConfiguration;
			buildSettings = {
				ALWAYS_EMBED_SWIFT_STANDARD_LIBRARIES = YES;
				BUNDLE_LOADER = "$(TEST_HOST)";
				CODE_SIGN_STYLE = Automatic;
				DEVELOPMENT_TEAM = A8NR896Z89;
				INFOPLIST_FILE = vysingsun1Tests/Info.plist;
				IPHONEOS_DEPLOYMENT_TARGET = 13.1;
				LD_RUNPATH_SEARCH_PATHS = (
					"$(inherited)",
					"@executable_path/Frameworks",
					"@loader_path/Frameworks",
				);
				PRODUCT_BUNDLE_IDENTIFIER = invitor.com.vysingsun1Tests;
				PRODUCT_NAME = "$(TARGET_NAME)";
				SWIFT_VERSION = 5.0;
				TARGETED_DEVICE_FAMILY = "1,2";
				TEST_HOST = "$(BUILT_PRODUCTS_DIR)/vysingsun1.app/vysingsun1";
			};
			name = Debug;
		};
		641FDCDC2A8B980D0078B392 /* Release */ = {
			isa = XCBuildConfiguration;
			buildSettings = {
				ALWAYS_EMBED_SWIFT_STANDARD_LIBRARIES = YES;
				BUNDLE_LOADER = "$(TEST_HOST)";
				CODE_SIGN_STYLE = Automatic;
				DEVELOPMENT_TEAM = A8NR896Z89;
				INFOPLIST_FILE = vysingsun1Tests/Info.plist;
				IPHONEOS_DEPLOYMENT_TARGET = 13.1;
				LD_RUNPATH_SEARCH_PATHS = (
					"$(inherited)",
					"@executable_path/Frameworks",
					"@loader_path/Frameworks",
				);
				PRODUCT_BUNDLE_IDENTIFIER = invitor.com.vysingsun1Tests;
				PRODUCT_NAME = "$(TARGET_NAME)";
				SWIFT_VERSION = 5.0;
				TARGETED_DEVICE_FAMILY = "1,2";
				TEST_HOST = "$(BUILT_PRODUCTS_DIR)/vysingsun1.app/vysingsun1";
			};
			name = Release;
		};
		641FDCDE2A8B980D0078B392 /* Debug */ = {
			isa = XCBuildConfiguration;
			buildSettings = {
				ALWAYS_EMBED_SWIFT_STANDARD_LIBRARIES = YES;
				CODE_SIGN_STYLE = Automatic;
				DEVELOPMENT_TEAM = A8NR896Z89;
				INFOPLIST_FILE = vysingsun1UITests/Info.plist;
				LD_RUNPATH_SEARCH_PATHS = (
					"$(inherited)",
					"@executable_path/Frameworks",
					"@loader_path/Frameworks",
				);
				PRODUCT_BUNDLE_IDENTIFIER = invitor.com.vysingsun1UITests;
				PRODUCT_NAME = "$(TARGET_NAME)";
				SWIFT_VERSION = 5.0;
				TARGETED_DEVICE_FAMILY = "1,2";
				TEST_TARGET_NAME = vysingsun1;
			};
			name = Debug;
		};
		641FDCDF2A8B980D0078B392 /* Release */ = {
			isa = XCBuildConfiguration;
			buildSettings = {
				ALWAYS_EMBED_SWIFT_STANDARD_LIBRARIES = YES;
				CODE_SIGN_STYLE = Automatic;
				DEVELOPMENT_TEAM = A8NR896Z89;
				INFOPLIST_FILE = vysingsun1UITests/Info.plist;
				LD_RUNPATH_SEARCH_PATHS = (
					"$(inherited)",
					"@executable_path/Frameworks",
					"@loader_path/Frameworks",
				);
				PRODUCT_BUNDLE_IDENTIFIER = invitor.com.vysingsun1UITests;
				PRODUCT_NAME = "$(TARGET_NAME)";
				SWIFT_VERSION = 5.0;
				TARGETED_DEVICE_FAMILY = "1,2";
				TEST_TARGET_NAME = vysingsun1;
			};
			name = Release;
		};
/* End XCBuildConfiguration section */

/* Begin XCConfigurationList section */
		641FDCA82A8B980C0078B392 /* Build configuration list for PBXProject "vysingsun1" */ = {
			isa = XCConfigurationList;
			buildConfigurations = (
				641FDCD52A8B980D0078B392 /* Debug */,
				641FDCD62A8B980D0078B392 /* Release */,
			);
			defaultConfigurationIsVisible = 0;
			defaultConfigurationName = Release;
		};
		641FDCD72A8B980D0078B392 /* Build configuration list for PBXNativeTarget "vysingsun1" */ = {
			isa = XCConfigurationList;
			buildConfigurations = (
				641FDCD82A8B980D0078B392 /* Debug */,
				641FDCD92A8B980D0078B392 /* Release */,
			);
			defaultConfigurationIsVisible = 0;
			defaultConfigurationName = Release;
		};
		641FDCDA2A8B980D0078B392 /* Build configuration list for PBXNativeTarget "vysingsun1Tests" */ = {
			isa = XCConfigurationList;
			buildConfigurations = (
				641FDCDB2A8B980D0078B392 /* Debug */,
				641FDCDC2A8B980D0078B392 /* Release */,
			);
			defaultConfigurationIsVisible = 0;
			defaultConfigurationName = Release;
		};
		641FDCDD2A8B980D0078B392 /* Build configuration list for PBXNativeTarget "vysingsun1UITests" */ = {
			isa = XCConfigurationList;
			buildConfigurations = (
				641FDCDE2A8B980D0078B392 /* Debug */,
				641FDCDF2A8B980D0078B392 /* Release */,
			);
			defaultConfigurationIsVisible = 0;
			defaultConfigurationName = Release;
		};
/* End XCConfigurationList section */
	};
	rootObject = 641FDCA52A8B980C0078B392 /* Project object */;
}
